
Microsoft Visual Studio Solution File, Format Version 12.00
# Visual Studio Version 17
VisualStudioVersion = 17.14.36327.8 d17.14
MinimumVisualStudioVersion = 10.0.40219.1
Project("{FAE04EC0-301F-11D3-BF4B-00C04F79EFBC}") = "Valle Express", "Valle Express\Valle Express.csproj", "{EBCFB422-34D1-4567-A572-4940CB0FC59B}"
EndProject
Global
	GlobalSection(SolutionConfigurationPlatforms) = preSolution
		Debug|Any CPU = Debug|Any CPU
		Release|Any CPU = Release|Any CPU
	EndGlobalSection
	GlobalSection(ProjectConfigurationPlatforms) = postSolution
		{EBCFB422-34D1-4567-A572-4940CB0FC59B}.Debug|Any CPU.ActiveCfg = Debug|Any CPU
		{EBCFB422-34D1-4567-A572-4940CB0FC59B}.Debug|Any CPU.Build.0 = Debug|Any CPU
		{EBCFB422-34D1-4567-A572-4940CB0FC59B}.Debug|Any CPU.Deploy.0 = Debug|Any CPU
		{EBCFB422-34D1-4567-A572-4940CB0FC59B}.Release|Any CPU.ActiveCfg = Release|Any CPU
		{EBCFB422-34D1-4567-A572-4940CB0FC59B}.Release|Any CPU.Build.0 = Release|Any CPU
		{EBCFB422-34D1-4567-A572-4940CB0FC59B}.Release|Any CPU.Deploy.0 = Release|Any CPU
	EndGlobalSection
	GlobalSection(SolutionProperties) = preSolution
		HideSolutionNode = FALSE
	EndGlobalSection
	GlobalSection(ExtensibilityGlobals) = postSolution
		SolutionGuid = {FCABCB33-06A5-4C96-88E8-143951836797}
	EndGlobalSection
EndGlobal
